
Microsoft Visual Studio Solution File, Format Version 12.00
# Visual Studio 2015
Project("{FAE04EC0-301F-11D3-BF4B-00C04F79EFBC}") = "kcpforunity.Plugins", "kcpforunity.Plugins.csproj", "{0EB4FC5E-89E0-A1AB-14A6-58A6E5C41B23}"
EndProject
Project("{FAE04EC0-301F-11D3-BF4B-00C04F79EFBC}") = "kcpforunity", "kcpforunity.csproj", "{6EEBB32C-F259-4A35-7134-E198984C8870}"
EndProject
Global
	GlobalSection(SolutionConfigurationPlatforms) = preSolution
		Debug|Any CPU = Debug|Any CPU
		Release|Any CPU = Release|Any CPU
	EndGlobalSection
	GlobalSection(ProjectConfigurationPlatforms) = postSolution
		{0EB4FC5E-89E0-A1AB-14A6-58A6E5C41B23}.Debug|Any CPU.ActiveCfg = Debug|Any CPU
		{0EB4FC5E-89E0-A1AB-14A6-58A6E5C41B23}.Debug|Any CPU.Build.0 = Debug|Any CPU
		{0EB4FC5E-89E0-A1AB-14A6-58A6E5C41B23}.Release|Any CPU.ActiveCfg = Release|Any CPU
		{0EB4FC5E-89E0-A1AB-14A6-58A6E5C41B23}.Release|Any CPU.Build.0 = Release|Any CPU
		{6EEBB32C-F259-4A35-7134-E198984C8870}.Debug|Any CPU.ActiveCfg = Debug|Any CPU
		{6EEBB32C-F259-4A35-7134-E198984C8870}.Debug|Any CPU.Build.0 = Debug|Any CPU
		{6EEBB32C-F259-4A35-7134-E198984C8870}.Release|Any CPU.ActiveCfg = Release|Any CPU
		{6EEBB32C-F259-4A35-7134-E198984C8870}.Release|Any CPU.Build.0 = Release|Any CPU
	EndGlobalSection
	GlobalSection(SolutionProperties) = preSolution
		HideSolutionNode = FALSE
	EndGlobalSection
EndGlobal
